// !$*UTF8*$!
{
	archiveVersion = 1;
	classes = {
	};
	objectVersion = 46;
	objects = {

/* Begin PBXBuildFile section */
		4A1673331DC61E300013DCF0 /* ZJBaseViewController.m in Sources */ = {isa = PBXBuildFile; fileRef = 4A16732C1DC61E300013DCF0 /* ZJBaseViewController.m */; };
		4A1673341DC61E300013DCF0 /* ZJNavigationBar.m in Sources */ = {isa = PBXBuildFile; fileRef = 4A16732E1DC61E300013DCF0 /* ZJNavigationBar.m */; };
		4A1673351DC61E300013DCF0 /* ZJNavigationController.m in Sources */ = {isa = PBXBuildFile; fileRef = 4A1673301DC61E300013DCF0 /* ZJNavigationController.m */; };
		4A1673361DC61E300013DCF0 /* ZJNavigationControllerAnimator.m in Sources */ = {isa = PBXBuildFile; fileRef = 4A1673321DC61E300013DCF0 /* ZJNavigationControllerAnimator.m */; };
		4A2157F91D8FD7DB00FDCFDF /* main.m in Sources */ = {isa = PBXBuildFile; fileRef = 4A2157F81D8FD7DB00FDCFDF /* main.m */; };
		4A2157FC1D8FD7DB00FDCFDF /* AppDelegate.m in Sources */ = {isa = PBXBuildFile; fileRef = 4A2157FB1D8FD7DB00FDCFDF /* AppDelegate.m */; };
		4A2157FF1D8FD7DB00FDCFDF /* ViewController.m in Sources */ = {isa = PBXBuildFile; fileRef = 4A2157FE1D8FD7DB00FDCFDF /* ViewController.m */; };
		4A2158021D8FD7DB00FDCFDF /* Main.storyboard in Resources */ = {isa = PBXBuildFile; fileRef = 4A2158001D8FD7DB00FDCFDF /* Main.storyboard */; };
		4A2158041D8FD7DB00FDCFDF /* Assets.xcassets in Resources */ = {isa = PBXBuildFile; fileRef = 4A2158031D8FD7DB00FDCFDF /* Assets.xcassets */; };
		4A2158071D8FD7DB00FDCFDF /* LaunchScreen.storyboard in Resources */ = {isa = PBXBuildFile; fileRef = 4A2158051D8FD7DB00FDCFDF /* LaunchScreen.storyboard */; };
		4A2158121D8FD7DB00FDCFDF /* ZJNavigationControllerTests.m in Sources */ = {isa = PBXBuildFile; fileRef = 4A2158111D8FD7DB00FDCFDF /* ZJNavigationControllerTests.m */; };
		4A21581D1D8FD7DB00FDCFDF /* ZJNavigationControllerUITests.m in Sources */ = {isa = PBXBuildFile; fileRef = 4A21581C1D8FD7DB00FDCFDF /* ZJNavigationControllerUITests.m */; };
		4A21583B1D90157300FDCFDF /* ZJTest1ViewController.m in Sources */ = {isa = PBXBuildFile; fileRef = 4A21583A1D90157300FDCFDF /* ZJTest1ViewController.m */; };
/* End PBXBuildFile section */

/* Begin PBXContainerItemProxy section */
		4A21580E1D8FD7DB00FDCFDF /* PBXContainerItemProxy */ = {
			isa = PBXContainerItemProxy;
			containerPortal = 4A2157EC1D8FD7DB00FDCFDF /* Project object */;
			proxyType = 1;
			remoteGlobalIDString = 4A2157F31D8FD7DB00FDCFDF;
			remoteInfo = ZJNavigationController;
		};
		4A2158191D8FD7DB00FDCFDF /* PBXContainerItemProxy */ = {
			isa = PBXContainerItemProxy;
			containerPortal = 4A2157EC1D8FD7DB00FDCFDF /* Project object */;
			proxyType = 1;
			remoteGlobalIDString = 4A2157F31D8FD7DB00FDCFDF;
			remoteInfo = ZJNavigationController;
		};
/* End PBXContainerItemProxy section */

/* Begin PBXFileReference section */
		4A16732B1DC61E300013DCF0 /* ZJBaseViewController.h */ = {isa = PBXFileReference; fileEncoding = 4; lastKnownFileType = sourcecode.c.h; path = ZJBaseViewController.h; sourceTree = "<group>"; };
		4A16732C1DC61E300013DCF0 /* ZJBaseViewController.m */ = {isa = PBXFileReference; fileEncoding = 4; lastKnownFileType = sourcecode.c.objc; path = ZJBaseViewController.m; sourceTree = "<group>"; };
		4A16732D1DC61E300013DCF0 /* ZJNavigationBar.h */ = {isa = PBXFileReference; fileEncoding = 4; lastKnownFileType = sourcecode.c.h; path = ZJNavigationBar.h; sourceTree = "<group>"; };
		4A16732E1DC61E300013DCF0 /* ZJNavigationBar.m */ = {isa = PBXFileReference; fileEncoding = 4; lastKnownFileType = sourcecode.c.objc; path = ZJNavigationBar.m; sourceTree = "<group>"; };
		4A16732F1DC61E300013DCF0 /* ZJNavigationController.h */ = {isa = PBXFileReference; fileEncoding = 4; lastKnownFileType = sourcecode.c.h; path = ZJNavigationController.h; sourceTree = "<group>"; };
		4A1673301DC61E300013DCF0 /* ZJNavigationController.m */ = {isa = PBXFileReference; fileEncoding = 4; lastKnownFileType = sourcecode.c.objc; path = ZJNavigationController.m; sourceTree = "<group>"; };
		4A1673311DC61E300013DCF0 /* ZJNavigationControllerAnimator.h */ = {isa = PBXFileReference; fileEncoding = 4; lastKnownFileType = sourcecode.c.h; path = ZJNavigationControllerAnimator.h; sourceTree = "<group>"; };
		4A1673321DC61E300013DCF0 /* ZJNavigationControllerAnimator.m */ = {isa = PBXFileReference; fileEncoding = 4; lastKnownFileType = sourcecode.c.objc; path = ZJNavigationControllerAnimator.m; sourceTree = "<group>"; };
		4A2157F41D8FD7DB00FDCFDF /* ZJNavigationController.app */ = {isa = PBXFileReference; explicitFileType = wrapper.application; includeInIndex = 0; path = ZJNavigationController.app; sourceTree = BUILT_PRODUCTS_DIR; };
		4A2157F81D8FD7DB00FDCFDF /* main.m */ = {isa = PBXFileReference; lastKnownFileType = sourcecode.c.objc; path = main.m; sourceTree = "<group>"; };
		4A2157FA1D8FD7DB00FDCFDF /* AppDelegate.h */ = {isa = PBXFileReference; lastKnownFileType = sourcecode.c.h; path = AppDelegate.h; sourceTree = "<group>"; };
		4A2157FB1D8FD7DB00FDCFDF /* AppDelegate.m */ = {isa = PBXFileReference; lastKnownFileType = sourcecode.c.objc; path = AppDelegate.m; sourceTree = "<group>"; };
		4A2157FD1D8FD7DB00FDCFDF /* ViewController.h */ = {isa = PBXFileReference; lastKnownFileType = sourcecode.c.h; path = ViewController.h; sourceTree = "<group>"; };
		4A2157FE1D8FD7DB00FDCFDF /* ViewController.m */ = {isa = PBXFileReference; lastKnownFileType = sourcecode.c.objc; path = ViewController.m; sourceTree = "<group>"; };
		4A2158011D8FD7DB00FDCFDF /* Base */ = {isa = PBXFileReference; lastKnownFileType = file.storyboard; name = Base; path = Base.lproj/Main.storyboard; sourceTree = "<group>"; };
		4A2158031D8FD7DB00FDCFDF /* Assets.xcassets */ = {isa = PBXFileReference; lastKnownFileType = folder.assetcatalog; path = Assets.xcassets; sourceTree = "<group>"; };
		4A2158061D8FD7DB00FDCFDF /* Base */ = {isa = PBXFileReference; lastKnownFileType = file.storyboard; name = Base; path = Base.lproj/LaunchScreen.storyboard; sourceTree = "<group>"; };
		4A2158081D8FD7DB00FDCFDF /* Info.plist */ = {isa = PBXFileReference; lastKnownFileType = text.plist.xml; path = Info.plist; sourceTree = "<group>"; };
		4A21580D1D8FD7DB00FDCFDF /* ZJNavigationControllerTests.xctest */ = {isa = PBXFileReference; explicitFileType = wrapper.cfbundle; includeInIndex = 0; path = ZJNavigationControllerTests.xctest; sourceTree = BUILT_PRODUCTS_DIR; };
		4A2158111D8FD7DB00FDCFDF /* ZJNavigationControllerTests.m */ = {isa = PBXFileReference; lastKnownFileType = sourcecode.c.objc; path = ZJNavigationControllerTests.m; sourceTree = "<group>"; };
		4A2158131D8FD7DB00FDCFDF /* Info.plist */ = {isa = PBXFileReference; lastKnownFileType = text.plist.xml; path = Info.plist; sourceTree = "<group>"; };
		4A2158181D8FD7DB00FDCFDF /* ZJNavigationControllerUITests.xctest */ = {isa = PBXFileReference; explicitFileType = wrapper.cfbundle; includeInIndex = 0; path = ZJNavigationControllerUITests.xctest; sourceTree = BUILT_PRODUCTS_DIR; };
		4A21581C1D8FD7DB00FDCFDF /* ZJNavigationControllerUITests.m */ = {isa = PBXFileReference; lastKnownFileType = sourcecode.c.objc; path = ZJNavigationControllerUITests.m; sourceTree = "<group>"; };
		4A21581E1D8FD7DB00FDCFDF /* Info.plist */ = {isa = PBXFileReference; lastKnownFileType = text.plist.xml; path = Info.plist; sourceTree = "<group>"; };
		4A2158391D90157300FDCFDF /* ZJTest1ViewController.h */ = {isa = PBXFileReference; fileEncoding = 4; lastKnownFileType = sourcecode.c.h; path = ZJTest1ViewController.h; sourceTree = "<group>"; };
		4A21583A1D90157300FDCFDF /* ZJTest1ViewController.m */ = {isa = PBXFileReference; fileEncoding = 4; lastKnownFileType = sourcecode.c.objc; path = ZJTest1ViewController.m; sourceTree = "<group>"; };
/* End PBXFileReference section */

/* Begin PBXFrameworksBuildPhase section */
		4A2157F11D8FD7DB00FDCFDF /* Frameworks */ = {
			isa = PBXFrameworksBuildPhase;
			buildActionMask = 2147483647;
			files = (
			);
			runOnlyForDeploymentPostprocessing = 0;
		};
		4A21580A1D8FD7DB00FDCFDF /* Frameworks */ = {
			isa = PBXFrameworksBuildPhase;
			buildActionMask = 2147483647;
			files = (
			);
			runOnlyForDeploymentPostprocessing = 0;
		};
		4A2158151D8FD7DB00FDCFDF /* Frameworks */ = {
			isa = PBXFrameworksBuildPhase;
			buildActionMask = 2147483647;
			files = (
			);
			runOnlyForDeploymentPostprocessing = 0;
		};
/* End PBXFrameworksBuildPhase section */

/* Begin PBXGroup section */
		4A16732A1DC61E300013DCF0 /* ZJNavigationController */ = {
			isa = PBXGroup;
			children = (
				4A16732B1DC61E300013DCF0 /* ZJBaseViewController.h */,
				4A16732C1DC61E300013DCF0 /* ZJBaseViewController.m */,
				4A16732D1DC61E300013DCF0 /* ZJNavigationBar.h */,
				4A16732E1DC61E300013DCF0 /* ZJNavigationBar.m */,
				4A16732F1DC61E300013DCF0 /* ZJNavigationController.h */,
				4A1673301DC61E300013DCF0 /* ZJNavigationController.m */,
				4A1673311DC61E300013DCF0 /* ZJNavigationControllerAnimator.h */,
				4A1673321DC61E300013DCF0 /* ZJNavigationControllerAnimator.m */,
			);
			path = ZJNavigationController;
			sourceTree = "<group>";
		};
		4A2157EB1D8FD7DB00FDCFDF = {
			isa = PBXGroup;
			children = (
				4A2157F61D8FD7DB00FDCFDF /* ZJNavigationController */,
				4A2158101D8FD7DB00FDCFDF /* ZJNavigationControllerTests */,
				4A21581B1D8FD7DB00FDCFDF /* ZJNavigationControllerUITests */,
				4A2157F51D8FD7DB00FDCFDF /* Products */,
			);
			sourceTree = "<group>";
		};
		4A2157F51D8FD7DB00FDCFDF /* Products */ = {
			isa = PBXGroup;
			children = (
				4A2157F41D8FD7DB00FDCFDF /* ZJNavigationController.app */,
				4A21580D1D8FD7DB00FDCFDF /* ZJNavigationControllerTests.xctest */,
				4A2158181D8FD7DB00FDCFDF /* ZJNavigationControllerUITests.xctest */,
			);
			name = Products;
			sourceTree = "<group>";
		};
		4A2157F61D8FD7DB00FDCFDF /* ZJNavigationController */ = {
			isa = PBXGroup;
			children = (
				4A16732A1DC61E300013DCF0 /* ZJNavigationController */,
				4A2157FA1D8FD7DB00FDCFDF /* AppDelegate.h */,
				4A2157FB1D8FD7DB00FDCFDF /* AppDelegate.m */,
				4A2157FD1D8FD7DB00FDCFDF /* ViewController.h */,
				4A2157FE1D8FD7DB00FDCFDF /* ViewController.m */,
				4A2158391D90157300FDCFDF /* ZJTest1ViewController.h */,
				4A21583A1D90157300FDCFDF /* ZJTest1ViewController.m */,
				4A2158001D8FD7DB00FDCFDF /* Main.storyboard */,
				4A2158031D8FD7DB00FDCFDF /* Assets.xcassets */,
				4A2158051D8FD7DB00FDCFDF /* LaunchScreen.storyboard */,
				4A2158081D8FD7DB00FDCFDF /* Info.plist */,
				4A2157F71D8FD7DB00FDCFDF /* Supporting Files */,
			);
			path = ZJNavigationController;
			sourceTree = "<group>";
		};
		4A2157F71D8FD7DB00FDCFDF /* Supporting Files */ = {
			isa = PBXGroup;
			children = (
				4A2157F81D8FD7DB00FDCFDF /* main.m */,
			);
			name = "Supporting Files";
			sourceTree = "<group>";
		};
		4A2158101D8FD7DB00FDCFDF /* ZJNavigationControllerTests */ = {
			isa = PBXGroup;
			children = (
				4A2158111D8FD7DB00FDCFDF /* ZJNavigationControllerTests.m */,
				4A2158131D8FD7DB00FDCFDF /* Info.plist */,
			);
			path = ZJNavigationControllerTests;
			sourceTree = "<group>";
		};
		4A21581B1D8FD7DB00FDCFDF /* ZJNavigationControllerUITests */ = {
			isa = PBXGroup;
			children = (
				4A21581C1D8FD7DB00FDCFDF /* ZJNavigationControllerUITests.m */,
				4A21581E1D8FD7DB00FDCFDF /* Info.plist */,
			);
			path = ZJNavigationControllerUITests;
			sourceTree = "<group>";
		};
/* End PBXGroup section */

/* Begin PBXNativeTarget section */
		4A2157F31D8FD7DB00FDCFDF /* ZJNavigationController */ = {
			isa = PBXNativeTarget;
			buildConfigurationList = 4A2158211D8FD7DB00FDCFDF /* Build configuration list for PBXNativeTarget "ZJNavigationController" */;
			buildPhases = (
				4A2157F01D8FD7DB00FDCFDF /* Sources */,
				4A2157F11D8FD7DB00FDCFDF /* Frameworks */,
				4A2157F21D8FD7DB00FDCFDF /* Resources */,
			);
			buildRules = (
			);
			dependencies = (
			);
			name = ZJNavigationController;
			productName = ZJNavigationController;
			productReference = 4A2157F41D8FD7DB00FDCFDF /* ZJNavigationController.app */;
			productType = "com.apple.product-type.application";
		};
		4A21580C1D8FD7DB00FDCFDF /* ZJNavigationControllerTests */ = {
			isa = PBXNativeTarget;
			buildConfigurationList = 4A2158241D8FD7DB00FDCFDF /* Build configuration list for PBXNativeTarget "ZJNavigationControllerTests" */;
			buildPhases = (
				4A2158091D8FD7DB00FDCFDF /* Sources */,
				4A21580A1D8FD7DB00FDCFDF /* Frameworks */,
				4A21580B1D8FD7DB00FDCFDF /* Resources */,
			);
			buildRules = (
			);
			dependencies = (
				4A21580F1D8FD7DB00FDCFDF /* PBXTargetDependency */,
			);
			name = ZJNavigationControllerTests;
			productName = ZJNavigationControllerTests;
			productReference = 4A21580D1D8FD7DB00FDCFDF /* ZJNavigationControllerTests.xctest */;
			productType = "com.apple.product-type.bundle.unit-test";
		};
		4A2158171D8FD7DB00FDCFDF /* ZJNavigationControllerUITests */ = {
			isa = PBXNativeTarget;
			buildConfigurationList = 4A2158271D8FD7DB00FDCFDF /* Build configuration list for PBXNativeTarget "ZJNavigationControllerUITests" */;
			buildPhases = (
				4A2158141D8FD7DB00FDCFDF /* Sources */,
				4A2158151D8FD7DB00FDCFDF /* Frameworks */,
				4A2158161D8FD7DB00FDCFDF /* Resources */,
			);
			buildRules = (
			);
			dependencies = (
				4A21581A1D8FD7DB00FDCFDF /* PBXTargetDependency */,
			);
			name = ZJNavigationControllerUITests;
			productName = ZJNavigationControllerUITests;
			productReference = 4A2158181D8FD7DB00FDCFDF /* ZJNavigationControllerUITests.xctest */;
			productType = "com.apple.product-type.bundle.ui-testing";
		};
/* End PBXNativeTarget section */

/* Begin PBXProject section */
		4A2157EC1D8FD7DB00FDCFDF /* Project object */ = {
			isa = PBXProject;
			attributes = {
				LastUpgradeCheck = 0730;
				ORGANIZATIONNAME = ZeroJ;
				TargetAttributes = {
					4A2157F31D8FD7DB00FDCFDF = {
						CreatedOnToolsVersion = 7.3.1;
						DevelopmentTeam = 9G8PCT5S2D;
					};
					4A21580C1D8FD7DB00FDCFDF = {
						CreatedOnToolsVersion = 7.3.1;
						DevelopmentTeam = 9G8PCT5S2D;
						TestTargetID = 4A2157F31D8FD7DB00FDCFDF;
					};
					4A2158171D8FD7DB00FDCFDF = {
						CreatedOnToolsVersion = 7.3.1;
						DevelopmentTeam = 9G8PCT5S2D;
						TestTargetID = 4A2157F31D8FD7DB00FDCFDF;
					};
				};
			};
			buildConfigurationList = 4A2157EF1D8FD7DB00FDCFDF /* Build configuration list for PBXProject "ZJNavigationController" */;
			compatibilityVersion = "Xcode 3.2";
			developmentRegion = English;
			hasScannedForEncodings = 0;
			knownRegions = (
				en,
				Base,
			);
			mainGroup = 4A2157EB1D8FD7DB00FDCFDF;
			productRefGroup = 4A2157F51D8FD7DB00FDCFDF /* Products */;
			projectDirPath = "";
			projectRoot = "";
			targets = (
				4A2157F31D8FD7DB00FDCFDF /* ZJNavigationController */,
				4A21580C1D8FD7DB00FDCFDF /* ZJNavigationControllerTests */,
				4A2158171D8FD7DB00FDCFDF /* ZJNavigationControllerUITests */,
			);
		};
/* End PBXProject section */

/* Begin PBXResourcesBuildPhase section */
		4A2157F21D8FD7DB00FDCFDF /* Resources */ = {
			isa = PBXResourcesBuildPhase;
			buildActionMask = 2147483647;
			files = (
				4A2158071D8FD7DB00FDCFDF /* LaunchScreen.storyboard in Resources */,
				4A2158041D8FD7DB00FDCFDF /* Assets.xcassets in Resources */,
				4A2158021D8FD7DB00FDCFDF /* Main.storyboard in Resources */,
			);
			runOnlyForDeploymentPostprocessing = 0;
		};
		4A21580B1D8FD7DB00FDCFDF /* Resources */ = {
			isa = PBXResourcesBuildPhase;
			buildActionMask = 2147483647;
			files = (
			);
			runOnlyForDeploymentPostprocessing = 0;
		};
		4A2158161D8FD7DB00FDCFDF /* Resources */ = {
			isa = PBXResourcesBuildPhase;
			buildActionMask = 2147483647;
			files = (
			);
			runOnlyForDeploymentPostprocessing = 0;
		};
/* End PBXResourcesBuildPhase section */

/* Begin PBXSourcesBuildPhase section */
		4A2157F01D8FD7DB00FDCFDF /* Sources */ = {
			isa = PBXSourcesBuildPhase;
			buildActionMask = 2147483647;
			files = (
				4A2157FF1D8FD7DB00FDCFDF /* ViewController.m in Sources */,
				4A2157FC1D8FD7DB00FDCFDF /* AppDelegate.m in Sources */,
				4A2157F91D8FD7DB00FDCFDF /* main.m in Sources */,
				4A1673341DC61E300013DCF0 /* ZJNavigationBar.m in Sources */,
				4A1673361DC61E300013DCF0 /* ZJNavigationControllerAnimator.m in Sources */,
				4A1673351DC61E300013DCF0 /* ZJNavigationController.m in Sources */,
				4A1673331DC61E300013DCF0 /* ZJBaseViewController.m in Sources */,
				4A21583B1D90157300FDCFDF /* ZJTest1ViewController.m in Sources */,
			);
			runOnlyForDeploymentPostprocessing = 0;
		};
		4A2158091D8FD7DB00FDCFDF /* Sources */ = {
			isa = PBXSourcesBuildPhase;
			buildActionMask = 2147483647;
			files = (
				4A2158121D8FD7DB00FDCFDF /* ZJNavigationControllerTests.m in Sources */,
			);
			runOnlyForDeploymentPostprocessing = 0;
		};
		4A2158141D8FD7DB00FDCFDF /* Sources */ = {
			isa = PBXSourcesBuildPhase;
			buildActionMask = 2147483647;
			files = (
				4A21581D1D8FD7DB00FDCFDF /* ZJNavigationControllerUITests.m in Sources */,
			);
			runOnlyForDeploymentPostprocessing = 0;
		};
/* End PBXSourcesBuildPhase section */

/* Begin PBXTargetDependency section */
		4A21580F1D8FD7DB00FDCFDF /* PBXTargetDependency */ = {
			isa = PBXTargetDependency;
			target = 4A2157F31D8FD7DB00FDCFDF /* ZJNavigationController */;
			targetProxy = 4A21580E1D8FD7DB00FDCFDF /* PBXContainerItemProxy */;
		};
		4A21581A1D8FD7DB00FDCFDF /* PBXTargetDependency */ = {
			isa = PBXTargetDependency;
			target = 4A2157F31D8FD7DB00FDCFDF /* ZJNavigationController */;
			targetProxy = 4A2158191D8FD7DB00FDCFDF /* PBXContainerItemProxy */;
		};
/* End PBXTargetDependency section */

/* Begin PBXVariantGroup section */
		4A2158001D8FD7DB00FDCFDF /* Main.storyboard */ = {
			isa = PBXVariantGroup;
			children = (
				4A2158011D8FD7DB00FDCFDF /* Base */,
			);
			name = Main.storyboard;
			sourceTree = "<group>";
		};
		4A2158051D8FD7DB00FDCFDF /* LaunchScreen.storyboard */ = {
			isa = PBXVariantGroup;
			children = (
				4A2158061D8FD7DB00FDCFDF /* Base */,
			);
			name = LaunchScreen.storyboard;
			sourceTree = "<group>";
		};
/* End PBXVariantGroup section */

/* Begin XCBuildConfiguration section */
		4A21581F1D8FD7DB00FDCFDF /* Debug */ = {
			isa = XCBuildConfiguration;
			buildSettings = {
				ALWAYS_SEARCH_USER_PATHS = NO;
				CLANG_ANALYZER_NONNULL = YES;
				CLANG_CXX_LANGUAGE_STANDARD = "gnu++0x";
				CLANG_CXX_LIBRARY = "libc++";
				CLANG_ENABLE_MODULES = YES;
				CLANG_ENABLE_OBJC_ARC = YES;
				CLANG_WARN_BOOL_CONVERSION = YES;
				CLANG_WARN_CONSTANT_CONVERSION = YES;
				CLANG_WARN_DIRECT_OBJC_ISA_USAGE = YES_ERROR;
				CLANG_WARN_EMPTY_BODY = YES;
				CLANG_WARN_ENUM_CONVERSION = YES;
				CLANG_WARN_INT_CONVERSION = YES;
				CLANG_WARN_OBJC_ROOT_CLASS = YES_ERROR;
				CLANG_WARN_UNREACHABLE_CODE = YES;
				CLANG_WARN__DUPLICATE_METHOD_MATCH = YES;
				"CODE_SIGN_IDENTITY[sdk=iphoneos*]" = "iPhone Developer";
				COPY_PHASE_STRIP = NO;
				DEBUG_INFORMATION_FORMAT = dwarf;
				ENABLE_STRICT_OBJC_MSGSEND = YES;
				ENABLE_TESTABILITY = YES;
				GCC_C_LANGUAGE_STANDARD = gnu99;
				GCC_DYNAMIC_NO_PIC = NO;
				GCC_NO_COMMON_BLOCKS = YES;
				GCC_OPTIMIZATION_LEVEL = 0;
				GCC_PREPROCESSOR_DEFINITIONS = (
					"DEBUG=1",
					"$(inherited)",
				);
				GCC_WARN_64_TO_32_BIT_CONVERSION = YES;
				GCC_WARN_ABOUT_RETURN_TYPE = YES_ERROR;
				GCC_WARN_UNDECLARED_SELECTOR = YES;
				GCC_WARN_UNINITIALIZED_AUTOS = YES_AGGRESSIVE;
				GCC_WARN_UNUSED_FUNCTION = YES;
				GCC_WARN_UNUSED_VARIABLE = YES;
				IPHONEOS_DEPLOYMENT_TARGET = 9.3;
				MTL_ENABLE_DEBUG_INFO = YES;
				ONLY_ACTIVE_ARCH = YES;
				SDKROOT = iphoneos;
				TARGETED_DEVICE_FAMILY = "1,2";
			};
			name = Debug;
		};
		4A2158201D8FD7DB00FDCFDF /* Release */ = {
			isa = XCBuildConfiguration;
			buildSettings = {
				ALWAYS_SEARCH_USER_PATHS = NO;
				CLANG_ANALYZER_NONNULL = YES;
				CLANG_CXX_LANGUAGE_STANDARD = "gnu++0x";
				CLANG_CXX_LIBRARY = "libc++";
				CLANG_ENABLE_MODULES = YES;
				CLANG_ENABLE_OBJC_ARC = YES;
				CLANG_WARN_BOOL_CONVERSION = YES;
				CLANG_WARN_CONSTANT_CONVERSION = YES;
				CLANG_WARN_DIRECT_OBJC_ISA_USAGE = YES_ERROR;
				CLANG_WARN_EMPTY_BODY = YES;
				CLANG_WARN_ENUM_CONVERSION = YES;
				CLANG_WARN_INT_CONVERSION = YES;
				CLANG_WARN_OBJC_ROOT_CLASS = YES_ERROR;
				CLANG_WARN_UNREACHABLE_CODE = YES;
				CLANG_WARN__DUPLICATE_METHOD_MATCH = YES;
				"CODE_SIGN_IDENTITY[sdk=iphoneos*]" = "iPhone Developer";
				COPY_PHASE_STRIP = NO;
				DEBUG_INFORMATION_FORMAT = "dwarf-with-dsym";
				ENABLE_NS_ASSERTIONS = NO;
				ENABLE_STRICT_OBJC_MSGSEND = YES;
				GCC_C_LANGUAGE_STANDARD = gnu99;
				GCC_NO_COMMON_BLOCKS = YES;
				GCC_WARN_64_TO_32_BIT_CONVERSION = YES;
				GCC_WARN_ABOUT_RETURN_TYPE = YES_ERROR;
				GCC_WARN_UNDECLARED_SELECTOR = YES;
				GCC_WARN_UNINITIALIZED_AUTOS = YES_AGGRESSIVE;
				GCC_WARN_UNUSED_FUNCTION = YES;
				GCC_WARN_UNUSED_VARIABLE = YES;
				IPHONEOS_DEPLOYMENT_TARGET = 9.3;
				MTL_ENABLE_DEBUG_INFO = NO;
				SDKROOT = iphoneos;
				TARGETED_DEVICE_FAMILY = "1,2";
				VALIDATE_PRODUCT = YES;
			};
			name = Release;
		};
		4A2158221D8FD7DB00FDCFDF /* Debug */ = {
			isa = XCBuildConfiguration;
			buildSettings = {
				ASSETCATALOG_COMPILER_APPICON_NAME = AppIcon;
				INFOPLIST_FILE = ZJNavigationController/Info.plist;
				LD_RUNPATH_SEARCH_PATHS = "$(inherited) @executable_path/Frameworks";
				PRODUCT_BUNDLE_IDENTIFIER = com.UESTC.ZeroJ.ZJNavigationController;
				PRODUCT_NAME = "$(TARGET_NAME)";
			};
			name = Debug;
		};
		4A2158231D8FD7DB00FDCFDF /* Release */ = {
			isa = XCBuildConfiguration;
			buildSettings = {
				ASSETCATALOG_COMPILER_APPICON_NAME = AppIcon;
				INFOPLIST_FILE = ZJNavigationController/Info.plist;
				LD_RUNPATH_SEARCH_PATHS = "$(inherited) @executable_path/Frameworks";
				PRODUCT_BUNDLE_IDENTIFIER = com.UESTC.ZeroJ.ZJNavigationController;
				PRODUCT_NAME = "$(TARGET_NAME)";
			};
			name = Release;
		};
		4A2158251D8FD7DB00FDCFDF /* Debug */ = {
			isa = XCBuildConfiguration;
			buildSettings = {
				BUNDLE_LOADER = "$(TEST_HOST)";
				INFOPLIST_FILE = ZJNavigationControllerTests/Info.plist;
				LD_RUNPATH_SEARCH_PATHS = "$(inherited) @executable_path/Frameworks @loader_path/Frameworks";
				PRODUCT_BUNDLE_IDENTIFIER = com.UESTC.ZeroJ.ZJNavigationControllerTests;
				PRODUCT_NAME = "$(TARGET_NAME)";
				TEST_HOST = "$(BUILT_PRODUCTS_DIR)/ZJNavigationController.app/ZJNavigationController";
			};
			name = Debug;
		};
		4A2158261D8FD7DB00FDCFDF /* Release */ = {
			isa = XCBuildConfiguration;
			buildSettings = {
				BUNDLE_LOADER = "$(TEST_HOST)";
				INFOPLIST_FILE = ZJNavigationControllerTests/Info.plist;
				LD_RUNPATH_SEARCH_PATHS = "$(inherited) @executable_path/Frameworks @loader_path/Frameworks";
				PRODUCT_BUNDLE_IDENTIFIER = com.UESTC.ZeroJ.ZJNavigationControllerTests;
				PRODUCT_NAME = "$(TARGET_NAME)";
				TEST_HOST = "$(BUILT_PRODUCTS_DIR)/ZJNavigationController.app/ZJNavigationController";
			};
			name = Release;
		};
		4A2158281D8FD7DB00FDCFDF /* Debug */ = {
			isa = XCBuildConfiguration;
			buildSettings = {
				INFOPLIST_FILE = ZJNavigationControllerUITests/Info.plist;
				LD_RUNPATH_SEARCH_PATHS = "$(inherited) @executable_path/Frameworks @loader_path/Frameworks";
				PRODUCT_BUNDLE_IDENTIFIER = com.UESTC.ZeroJ.ZJNavigationControllerUITests;
				PRODUCT_NAME = "$(TARGET_NAME)";
				TEST_TARGET_NAME = ZJNavigationController;
			};
			name = Debug;
		};
		4A2158291D8FD7DB00FDCFDF /* Release */ = {
			isa = XCBuildConfiguration;
			buildSettings = {
				INFOPLIST_FILE = ZJNavigationControllerUITests/Info.plist;
				LD_RUNPATH_SEARCH_PATHS = "$(inherited) @executable_path/Frameworks @loader_path/Frameworks";
				PRODUCT_BUNDLE_IDENTIFIER = com.UESTC.ZeroJ.ZJNavigationControllerUITests;
				PRODUCT_NAME = "$(TARGET_NAME)";
				TEST_TARGET_NAME = ZJNavigationController;
			};
			name = Release;
		};
/* End XCBuildConfiguration section */

/* Begin XCConfigurationList section */
		4A2157EF1D8FD7DB00FDCFDF /* Build configuration list for PBXProject "ZJNavigationController" */ = {
			isa = XCConfigurationList;
			buildConfigurations = (
				4A21581F1D8FD7DB00FDCFDF /* Debug */,
				4A2158201D8FD7DB00FDCFDF /* Release */,
			);
			defaultConfigurationIsVisible = 0;
			defaultConfigurationName = Release;
		};
		4A2158211D8FD7DB00FDCFDF /* Build configuration list for PBXNativeTarget "ZJNavigationController" */ = {
			isa = XCConfigurationList;
			buildConfigurations = (
				4A2158221D8FD7DB00FDCFDF /* Debug */,
				4A2158231D8FD7DB00FDCFDF /* Release */,
			);
			defaultConfigurationIsVisible = 0;
			defaultConfigurationName = Release;
		};
		4A2158241D8FD7DB00FDCFDF /* Build configuration list for PBXNativeTarget "ZJNavigationControllerTests" */ = {
			isa = XCConfigurationList;
			buildConfigurations = (
				4A2158251D8FD7DB00FDCFDF /* Debug */,
				4A2158261D8FD7DB00FDCFDF /* Release */,
			);
			defaultConfigurationIsVisible = 0;
			defaultConfigurationName = Release;
		};
		4A2158271D8FD7DB00FDCFDF /* Build configuration list for PBXNativeTarget "ZJNavigationControllerUITests" */ = {
			isa = XCConfigurationList;
			buildConfigurations = (
				4A2158281D8FD7DB00FDCFDF /* Debug */,
				4A2158291D8FD7DB00FDCFDF /* Release */,
			);
			defaultConfigurationIsVisible = 0;
			defaultConfigurationName = Release;
		};
/* End XCConfigurationList section */
	};
	rootObject = 4A2157EC1D8FD7DB00FDCFDF /* Project object */;
}
